// !$*UTF8*$!
{
	archiveVersion = 1;
	classes = {
	};
	objectVersion = 55;
	objects = {

/* Begin PBXBuildFile section */
		64132B3E2783F9E700E1306F /* AppDelegate.swift in Sources */ = {isa = PBXBuildFile; fileRef = 64132B3D2783F9E700E1306F /* AppDelegate.swift */; };
		64132B402783F9E700E1306F /* SceneDelegate.swift in Sources */ = {isa = PBXBuildFile; fileRef = 64132B3F2783F9E700E1306F /* SceneDelegate.swift */; };
		64132B422783F9E700E1306F /* ViewController.swift in Sources */ = {isa = PBXBuildFile; fileRef = 64132B412783F9E700E1306F /* ViewController.swift */; };
		64132B452783F9E700E1306F /* Main.storyboard in Resources */ = {isa = PBXBuildFile; fileRef = 64132B432783F9E700E1306F /* Main.storyboard */; };
		64132B472783F9E800E1306F /* Assets.xcassets in Resources */ = {isa = PBXBuildFile; fileRef = 64132B462783F9E800E1306F /* Assets.xcassets */; };
		64132B4A2783F9E800E1306F /* LaunchScreen.storyboard in Resources */ = {isa = PBXBuildFile; fileRef = 64132B482783F9E800E1306F /* LaunchScreen.storyboard */; };
		641367DD27CA45F900FD76BE /* I'm the One.mp3 in Resources */ = {isa = PBXBuildFile; fileRef = 641367DC27CA45F900FD76BE /* I'm the One.mp3 */; };
		641367DF27CA45FE00FD76BE /* Peaches.mp3 in Resources */ = {isa = PBXBuildFile; fileRef = 641367DE27CA45FE00FD76BE /* Peaches.mp3 */; };
		641367E127CA460400FD76BE /* Let Me Love You.mp3 in Resources */ = {isa = PBXBuildFile; fileRef = 641367E027CA460400FD76BE /* Let Me Love You.mp3 */; };
		641367E327CA461700FD76BE /* Ghost.mp3 in Resources */ = {isa = PBXBuildFile; fileRef = 641367E227CA461700FD76BE /* Ghost.mp3 */; };
		641367E527CA462E00FD76BE /* Music.swift in Sources */ = {isa = PBXBuildFile; fileRef = 641367E427CA462E00FD76BE /* Music.swift */; };
		6431B41A27CDEE4800CF7B3C /* Cold Water.mp3 in Resources */ = {isa = PBXBuildFile; fileRef = 6431B41927CDEE4800CF7B3C /* Cold Water.mp3 */; };
		6431B41F27CE027500CF7B3C /* 2U.mp3 in Resources */ = {isa = PBXBuildFile; fileRef = 6431B41B27CE027400CF7B3C /* 2U.mp3 */; };
		6431B42027CE027500CF7B3C /* STAY.mp3 in Resources */ = {isa = PBXBuildFile; fileRef = 6431B41C27CE027400CF7B3C /* STAY.mp3 */; };
		6431B42127CE027500CF7B3C /* Holy.mp3 in Resources */ = {isa = PBXBuildFile; fileRef = 6431B41D27CE027400CF7B3C /* Holy.mp3 */; };
		6431B42227CE027500CF7B3C /* Lonely.mp3 in Resources */ = {isa = PBXBuildFile; fileRef = 6431B41E27CE027500CF7B3C /* Lonely.mp3 */; };
/* End PBXBuildFile section */

/* Begin PBXFileReference section */
		64132B3A2783F9E700E1306F /* iMusicDemo.app */ = {isa = PBXFileReference; explicitFileType = wrapper.application; includeInIndex = 0; path = iMusicDemo.app; sourceTree = BUILT_PRODUCTS_DIR; };
		64132B3D2783F9E700E1306F /* AppDelegate.swift */ = {isa = PBXFileReference; lastKnownFileType = sourcecode.swift; path = AppDelegate.swift; sourceTree = "<group>"; };
		64132B3F2783F9E700E1306F /* SceneDelegate.swift */ = {isa = PBXFileReference; lastKnownFileType = sourcecode.swift; path = SceneDelegate.swift; sourceTree = "<group>"; };
		64132B412783F9E700E1306F /* ViewController.swift */ = {isa = PBXFileReference; lastKnownFileType = sourcecode.swift; path = ViewController.swift; sourceTree = "<group>"; };
		64132B442783F9E700E1306F /* Base */ = {isa = PBXFileReference; lastKnownFileType = file.storyboard; name = Base; path = Base.lproj/Main.storyboard; sourceTree = "<group>"; };
		64132B462783F9E800E1306F /* Assets.xcassets */ = {isa = PBXFileReference; lastKnownFileType = folder.assetcatalog; path = Assets.xcassets; sourceTree = "<group>"; };
		64132B492783F9E800E1306F /* Base */ = {isa = PBXFileReference; lastKnownFileType = file.storyboard; name = Base; path = Base.lproj/LaunchScreen.storyboard; sourceTree = "<group>"; };
		64132B4B2783F9E800E1306F /* Info.plist */ = {isa = PBXFileReference; lastKnownFileType = text.plist.xml; path = Info.plist; sourceTree = "<group>"; };
		641367DC27CA45F900FD76BE /* I'm the One.mp3 */ = {isa = PBXFileReference; lastKnownFileType = audio.mp3; path = "I'm the One.mp3"; sourceTree = "<group>"; };
		641367DE27CA45FE00FD76BE /* Peaches.mp3 */ = {isa = PBXFileReference; lastKnownFileType = audio.mp3; path = Peaches.mp3; sourceTree = "<group>"; };
		641367E027CA460400FD76BE /* Let Me Love You.mp3 */ = {isa = PBXFileReference; lastKnownFileType = audio.mp3; path = "Let Me Love You.mp3"; sourceTree = "<group>"; };
		641367E227CA461700FD76BE /* Ghost.mp3 */ = {isa = PBXFileReference; lastKnownFileType = audio.mp3; path = Ghost.mp3; sourceTree = "<group>"; };
		641367E427CA462E00FD76BE /* Music.swift */ = {isa = PBXFileReference; lastKnownFileType = sourcecode.swift; path = Music.swift; sourceTree = "<group>"; };
		6431B41927CDEE4800CF7B3C /* Cold Water.mp3 */ = {isa = PBXFileReference; lastKnownFileType = audio.mp3; path = "Cold Water.mp3"; sourceTree = "<group>"; };
		6431B41B27CE027400CF7B3C /* 2U.mp3 */ = {isa = PBXFileReference; lastKnownFileType = audio.mp3; path = 2U.mp3; sourceTree = "<group>"; };
		6431B41C27CE027400CF7B3C /* STAY.mp3 */ = {isa = PBXFileReference; lastKnownFileType = audio.mp3; path = STAY.mp3; sourceTree = "<group>"; };
		6431B41D27CE027400CF7B3C /* Holy.mp3 */ = {isa = PBXFileReference; lastKnownFileType = audio.mp3; path = Holy.mp3; sourceTree = "<group>"; };
		6431B41E27CE027500CF7B3C /* Lonely.mp3 */ = {isa = PBXFileReference; lastKnownFileType = audio.mp3; path = Lonely.mp3; sourceTree = "<group>"; };
/* End PBXFileReference section */

/* Begin PBXFrameworksBuildPhase section */
		64132B372783F9E700E1306F /* Frameworks */ = {
			isa = PBXFrameworksBuildPhase;
			buildActionMask = 2147483647;
			files = (
			);
			runOnlyForDeploymentPostprocessing = 0;
		};
/* End PBXFrameworksBuildPhase section */

/* Begin PBXGroup section */
		64132B312783F9E700E1306F = {
			isa = PBXGroup;
			children = (
				641367DC27CA45F900FD76BE /* I'm the One.mp3 */,
				641367DE27CA45FE00FD76BE /* Peaches.mp3 */,
				641367E027CA460400FD76BE /* Let Me Love You.mp3 */,
				641367E227CA461700FD76BE /* Ghost.mp3 */,
				6431B41927CDEE4800CF7B3C /* Cold Water.mp3 */,
				6431B41B27CE027400CF7B3C /* 2U.mp3 */,
				6431B41D27CE027400CF7B3C /* Holy.mp3 */,
				6431B41E27CE027500CF7B3C /* Lonely.mp3 */,
				6431B41C27CE027400CF7B3C /* STAY.mp3 */,
				64132B3C2783F9E700E1306F /* iMusicDemo */,
				64132B3B2783F9E700E1306F /* Products */,
			);
			sourceTree = "<group>";
		};
		64132B3B2783F9E700E1306F /* Products */ = {
			isa = PBXGroup;
			children = (
				64132B3A2783F9E700E1306F /* iMusicDemo.app */,
			);
			name = Products;
			sourceTree = "<group>";
		};
		64132B3C2783F9E700E1306F /* iMusicDemo */ = {
			isa = PBXGroup;
			children = (
				64132B3D2783F9E700E1306F /* AppDelegate.swift */,
				64132B3F2783F9E700E1306F /* SceneDelegate.swift */,
				64132B412783F9E700E1306F /* ViewController.swift */,
				641367E427CA462E00FD76BE /* Music.swift */,
				64132B432783F9E700E1306F /* Main.storyboard */,
				64132B462783F9E800E1306F /* Assets.xcassets */,
				64132B482783F9E800E1306F /* LaunchScreen.storyboard */,
				64132B4B2783F9E800E1306F /* Info.plist */,
			);
			path = iMusicDemo;
			sourceTree = "<group>";
		};
/* End PBXGroup section */

/* Begin PBXNativeTarget section */
		64132B392783F9E700E1306F /* iMusicDemo */ = {
			isa = PBXNativeTarget;
			buildConfigurationList = 64132B4E2783F9E800E1306F /* Build configuration list for PBXNativeTarget "iMusicDemo" */;
			buildPhases = (
				64132B362783F9E700E1306F /* Sources */,
				64132B372783F9E700E1306F /* Frameworks */,
				64132B382783F9E700E1306F /* Resources */,
			);
			buildRules = (
			);
			dependencies = (
			);
			name = iMusicDemo;
			productName = iMusicDemo;
			productReference = 64132B3A2783F9E700E1306F /* iMusicDemo.app */;
			productType = "com.apple.product-type.application";
		};
/* End PBXNativeTarget section */

/* Begin PBXProject section */
		64132B322783F9E700E1306F /* Project object */ = {
			isa = PBXProject;
			attributes = {
				BuildIndependentTargetsInParallel = 1;
				LastSwiftUpdateCheck = 1310;
				LastUpgradeCheck = 1310;
				TargetAttributes = {
					64132B392783F9E700E1306F = {
						CreatedOnToolsVersion = 13.1;
					};
				};
			};
			buildConfigurationList = 64132B352783F9E700E1306F /* Build configuration list for PBXProject "iMusicDemo" */;
			compatibilityVersion = "Xcode 13.0";
			developmentRegion = en;
			hasScannedForEncodings = 0;
			knownRegions = (
				en,
				Base,
			);
			mainGroup = 64132B312783F9E700E1306F;
			productRefGroup = 64132B3B2783F9E700E1306F /* Products */;
			projectDirPath = "";
			projectRoot = "";
			targets = (
				64132B392783F9E700E1306F /* iMusicDemo */,
			);
		};
/* End PBXProject section */

/* Begin PBXResourcesBuildPhase section */
		64132B382783F9E700E1306F /* Resources */ = {
			isa = PBXResourcesBuildPhase;
			buildActionMask = 2147483647;
			files = (
				6431B42127CE027500CF7B3C /* Holy.mp3 in Resources */,
				6431B41F27CE027500CF7B3C /* 2U.mp3 in Resources */,
				641367DF27CA45FE00FD76BE /* Peaches.mp3 in Resources */,
				6431B42227CE027500CF7B3C /* Lonely.mp3 in Resources */,
				641367E327CA461700FD76BE /* Ghost.mp3 in Resources */,
				6431B42027CE027500CF7B3C /* STAY.mp3 in Resources */,
				641367E127CA460400FD76BE /* Let Me Love You.mp3 in Resources */,
				64132B4A2783F9E800E1306F /* LaunchScreen.storyboard in Resources */,
				64132B472783F9E800E1306F /* Assets.xcassets in Resources */,
				64132B452783F9E700E1306F /* Main.storyboard in Resources */,
				641367DD27CA45F900FD76BE /* I'm the One.mp3 in Resources */,
				6431B41A27CDEE4800CF7B3C /* Cold Water.mp3 in Resources */,
			);
			runOnlyForDeploymentPostprocessing = 0;
		};
/* End PBXResourcesBuildPhase section */

/* Begin PBXSourcesBuildPhase section */
		64132B362783F9E700E1306F /* Sources */ = {
			isa = PBXSourcesBuildPhase;
			buildActionMask = 2147483647;
			files = (
				64132B422783F9E700E1306F /* ViewController.swift in Sources */,
				64132B3E2783F9E700E1306F /* AppDelegate.swift in Sources */,
				64132B402783F9E700E1306F /* SceneDelegate.swift in Sources */,
				641367E527CA462E00FD76BE /* Music.swift in Sources */,
			);
			runOnlyForDeploymentPostprocessing = 0;
		};
/* End PBXSourcesBuildPhase section */

/* Begin PBXVariantGroup section */
		64132B432783F9E700E1306F /* Main.storyboard */ = {
			isa = PBXVariantGroup;
			children = (
				64132B442783F9E700E1306F /* Base */,
			);
			name = Main.storyboard;
			sourceTree = "<group>";
		};
		64132B482783F9E800E1306F /* LaunchScreen.storyboard */ = {
			isa = PBXVariantGroup;
			children = (
				64132B492783F9E800E1306F /* Base */,
			);
			name = LaunchScreen.storyboard;
			sourceTree = "<group>";
		};
/* End PBXVariantGroup section */

/* Begin XCBuildConfiguration section */
		64132B4C2783F9E800E1306F /* Debug */ = {
			isa = XCBuildConfiguration;
			buildSettings = {
				ALWAYS_SEARCH_USER_PATHS = NO;
				CLANG_ANALYZER_NONNULL = YES;
				CLANG_ANALYZER_NUMBER_OBJECT_CONVERSION = YES_AGGRESSIVE;
				CLANG_CXX_LANGUAGE_STANDARD = "gnu++17";
				CLANG_CXX_LIBRARY = "libc++";
				CLANG_ENABLE_MODULES = YES;
				CLANG_ENABLE_OBJC_ARC = YES;
				CLANG_ENABLE_OBJC_WEAK = YES;
				CLANG_WARN_BLOCK_CAPTURE_AUTORELEASING = YES;
				CLANG_WARN_BOOL_CONVERSION = YES;
				CLANG_WARN_COMMA = YES;
				CLANG_WARN_CONSTANT_CONVERSION = YES;
				CLANG_WARN_DEPRECATED_OBJC_IMPLEMENTATIONS = YES;
				CLANG_WARN_DIRECT_OBJC_ISA_USAGE = YES_ERROR;
				CLANG_WARN_DOCUMENTATION_COMMENTS = YES;
				CLANG_WARN_EMPTY_BODY = YES;
				CLANG_WARN_ENUM_CONVERSION = YES;
				CLANG_WARN_INFINITE_RECURSION = YES;
				CLANG_WARN_INT_CONVERSION = YES;
				CLANG_WARN_NON_LITERAL_NULL_CONVERSION = YES;
				CLANG_WARN_OBJC_IMPLICIT_RETAIN_SELF = YES;
				CLANG_WARN_OBJC_LITERAL_CONVERSION = YES;
				CLANG_WARN_OBJC_ROOT_CLASS = YES_ERROR;
				CLANG_WARN_QUOTED_INCLUDE_IN_FRAMEWORK_HEADER = YES;
				CLANG_WARN_RANGE_LOOP_ANALYSIS = YES;
				CLANG_WARN_STRICT_PROTOTYPES = YES;
				CLANG_WARN_SUSPICIOUS_MOVE = YES;
				CLANG_WARN_UNGUARDED_AVAILABILITY = YES_AGGRESSIVE;
				CLANG_WARN_UNREACHABLE_CODE = YES;
				CLANG_WARN__DUPLICATE_METHOD_MATCH = YES;
				COPY_PHASE_STRIP = NO;
				DEBUG_INFORMATION_FORMAT = dwarf;
				ENABLE_STRICT_OBJC_MSGSEND = YES;
				ENABLE_TESTABILITY = YES;
				GCC_C_LANGUAGE_STANDARD = gnu11;
				GCC_DYNAMIC_NO_PIC = NO;
				GCC_NO_COMMON_BLOCKS = YES;
				GCC_OPTIMIZATION_LEVEL = 0;
				GCC_PREPROCESSOR_DEFINITIONS = (
					"DEBUG=1",
					"$(inherited)",
				);
				GCC_WARN_64_TO_32_BIT_CONVERSION = YES;
				GCC_WARN_ABOUT_RETURN_TYPE = YES_ERROR;
				GCC_WARN_UNDECLARED_SELECTOR = YES;
				GCC_WARN_UNINITIALIZED_AUTOS = YES_AGGRESSIVE;
				GCC_WARN_UNUSED_FUNCTION = YES;
				GCC_WARN_UNUSED_VARIABLE = YES;
				IPHONEOS_DEPLOYMENT_TARGET = 15.0;
				MTL_ENABLE_DEBUG_INFO = INCLUDE_SOURCE;
				MTL_FAST_MATH = YES;
				ONLY_ACTIVE_ARCH = YES;
				SDKROOT = iphoneos;
				SWIFT_ACTIVE_COMPILATION_CONDITIONS = DEBUG;
				SWIFT_OPTIMIZATION_LEVEL = "-Onone";
			};
			name = Debug;
		};
		64132B4D2783F9E800E1306F /* Release */ = {
			isa = XCBuildConfiguration;
			buildSettings = {
				ALWAYS_SEARCH_USER_PATHS = NO;
				CLANG_ANALYZER_NONNULL = YES;
				CLANG_ANALYZER_NUMBER_OBJECT_CONVERSION = YES_AGGRESSIVE;
				CLANG_CXX_LANGUAGE_STANDARD = "gnu++17";
				CLANG_CXX_LIBRARY = "libc++";
				CLANG_ENABLE_MODULES = YES;
				CLANG_ENABLE_OBJC_ARC = YES;
				CLANG_ENABLE_OBJC_WEAK = YES;
				CLANG_WARN_BLOCK_CAPTURE_AUTORELEASING = YES;
				CLANG_WARN_BOOL_CONVERSION = YES;
				CLANG_WARN_COMMA = YES;
				CLANG_WARN_CONSTANT_CONVERSION = YES;
				CLANG_WARN_DEPRECATED_OBJC_IMPLEMENTATIONS = YES;
				CLANG_WARN_DIRECT_OBJC_ISA_USAGE = YES_ERROR;
				CLANG_WARN_DOCUMENTATION_COMMENTS = YES;
				CLANG_WARN_EMPTY_BODY = YES;
				CLANG_WARN_ENUM_CONVERSION = YES;
				CLANG_WARN_INFINITE_RECURSION = YES;
				CLANG_WARN_INT_CONVERSION = YES;
				CLANG_WARN_NON_LITERAL_NULL_CONVERSION = YES;
				CLANG_WARN_OBJC_IMPLICIT_RETAIN_SELF = YES;
				CLANG_WARN_OBJC_LITERAL_CONVERSION = YES;
				CLANG_WARN_OBJC_ROOT_CLASS = YES_ERROR;
				CLANG_WARN_QUOTED_INCLUDE_IN_FRAMEWORK_HEADER = YES;
				CLANG_WARN_RANGE_LOOP_ANALYSIS = YES;
				CLANG_WARN_STRICT_PROTOTYPES = YES;
				CLANG_WARN_SUSPICIOUS_MOVE = YES;
				CLANG_WARN_UNGUARDED_AVAILABILITY = YES_AGGRESSIVE;
				CLANG_WARN_UNREACHABLE_CODE = YES;
				CLANG_WARN__DUPLICATE_METHOD_MATCH = YES;
				COPY_PHASE_STRIP = NO;
				DEBUG_INFORMATION_FORMAT = "dwarf-with-dsym";
				ENABLE_NS_ASSERTIONS = NO;
				ENABLE_STRICT_OBJC_MSGSEND = YES;
				GCC_C_LANGUAGE_STANDARD = gnu11;
				GCC_NO_COMMON_BLOCKS = YES;
				GCC_WARN_64_TO_32_BIT_CONVERSION = YES;
				GCC_WARN_ABOUT_RETURN_TYPE = YES_ERROR;
				GCC_WARN_UNDECLARED_SELECTOR = YES;
				GCC_WARN_UNINITIALIZED_AUTOS = YES_AGGRESSIVE;
				GCC_WARN_UNUSED_FUNCTION = YES;
				GCC_WARN_UNUSED_VARIABLE = YES;
				IPHONEOS_DEPLOYMENT_TARGET = 15.0;
				MTL_ENABLE_DEBUG_INFO = NO;
				MTL_FAST_MATH = YES;
				SDKROOT = iphoneos;
				SWIFT_COMPILATION_MODE = wholemodule;
				SWIFT_OPTIMIZATION_LEVEL = "-O";
				VALIDATE_PRODUCT = YES;
			};
			name = Release;
		};
		64132B4F2783F9E800E1306F /* Debug */ = {
			isa = XCBuildConfiguration;
			buildSettings = {
				ASSETCATALOG_COMPILER_APPICON_NAME = AppIcon;
				ASSETCATALOG_COMPILER_GLOBAL_ACCENT_COLOR_NAME = AccentColor;
				CODE_SIGN_STYLE = Automatic;
				CURRENT_PROJECT_VERSION = 1;
				DEVELOPMENT_TEAM = Z4822F8J4X;
				GENERATE_INFOPLIST_FILE = YES;
				INFOPLIST_FILE = iMusicDemo/Info.plist;
				INFOPLIST_KEY_UIApplicationSupportsIndirectInputEvents = YES;
				INFOPLIST_KEY_UILaunchStoryboardName = LaunchScreen;
				INFOPLIST_KEY_UIMainStoryboardFile = Main;
				INFOPLIST_KEY_UISupportedInterfaceOrientations_iPad = "UIInterfaceOrientationPortrait UIInterfaceOrientationPortraitUpsideDown UIInterfaceOrientationLandscapeLeft UIInterfaceOrientationLandscapeRight";
				INFOPLIST_KEY_UISupportedInterfaceOrientations_iPhone = "UIInterfaceOrientationPortrait UIInterfaceOrientationLandscapeLeft UIInterfaceOrientationLandscapeRight";
				LD_RUNPATH_SEARCH_PATHS = (
					"$(inherited)",
					"@executable_path/Frameworks",
				);
				MARKETING_VERSION = 1.0;
				PRODUCT_BUNDLE_IDENTIFIER = com.chris.iMusicDemo;
				PRODUCT_NAME = "$(TARGET_NAME)";
				SWIFT_EMIT_LOC_STRINGS = YES;
				SWIFT_VERSION = 5.0;
				TARGETED_DEVICE_FAMILY = "1,2";
			};
			name = Debug;
		};
		64132B502783F9E800E1306F /* Release */ = {
			isa = XCBuildConfiguration;
			buildSettings = {
				ASSETCATALOG_COMPILER_APPICON_NAME = AppIcon;
				ASSETCATALOG_COMPILER_GLOBAL_ACCENT_COLOR_NAME = AccentColor;
				CODE_SIGN_STYLE = Automatic;
				CURRENT_PROJECT_VERSION = 1;
				DEVELOPMENT_TEAM = Z4822F8J4X;
				GENERATE_INFOPLIST_FILE = YES;
				INFOPLIST_FILE = iMusicDemo/Info.plist;
				INFOPLIST_KEY_UIApplicationSupportsIndirectInputEvents = YES;
				INFOPLIST_KEY_UILaunchStoryboardName = LaunchScreen;
				INFOPLIST_KEY_UIMainStoryboardFile = Main;
				INFOPLIST_KEY_UISupportedInterfaceOrientations_iPad = "UIInterfaceOrientationPortrait UIInterfaceOrientationPortraitUpsideDown UIInterfaceOrientationLandscapeLeft UIInterfaceOrientationLandscapeRight";
				INFOPLIST_KEY_UISupportedInterfaceOrientations_iPhone = "UIInterfaceOrientationPortrait UIInterfaceOrientationLandscapeLeft UIInterfaceOrientationLandscapeRight";
				LD_RUNPATH_SEARCH_PATHS = (
					"$(inherited)",
					"@executable_path/Frameworks",
				);
				MARKETING_VERSION = 1.0;
				PRODUCT_BUNDLE_IDENTIFIER = com.chris.iMusicDemo;
				PRODUCT_NAME = "$(TARGET_NAME)";
				SWIFT_EMIT_LOC_STRINGS = YES;
				SWIFT_VERSION = 5.0;
				TARGETED_DEVICE_FAMILY = "1,2";
			};
			name = Release;
		};
/* End XCBuildConfiguration section */

/* Begin XCConfigurationList section */
		64132B352783F9E700E1306F /* Build configuration list for PBXProject "iMusicDemo" */ = {
			isa = XCConfigurationList;
			buildConfigurations = (
				64132B4C2783F9E800E1306F /* Debug */,
				64132B4D2783F9E800E1306F /* Release */,
			);
			defaultConfigurationIsVisible = 0;
			defaultConfigurationName = Release;
		};
		64132B4E2783F9E800E1306F /* Build configuration list for PBXNativeTarget "iMusicDemo" */ = {
			isa = XCConfigurationList;
			buildConfigurations = (
				64132B4F2783F9E800E1306F /* Debug */,
				64132B502783F9E800E1306F /* Release */,
			);
			defaultConfigurationIsVisible = 0;
			defaultConfigurationName = Release;
		};
/* End XCConfigurationList section */
	};
	rootObject = 64132B322783F9E700E1306F /* Project object */;
}
